// !$*UTF8*$!
{
	archiveVersion = 1;
	classes = {
	};
	objectVersion = 50;
	objects = {

/* Begin PBXBuildFile section */
		9F9D52BB2186FA1200FBFE60 /* AppDelegate.swift in Sources */ = {isa = PBXBuildFile; fileRef = 9F9D52BA2186FA1200FBFE60 /* AppDelegate.swift */; };
		9F9D52BD2186FA1200FBFE60 /* ToDoListVC.swift in Sources */ = {isa = PBXBuildFile; fileRef = 9F9D52BC2186FA1200FBFE60 /* ToDoListVC.swift */; };
		9F9D52C02186FA1200FBFE60 /* Main.storyboard in Resources */ = {isa = PBXBuildFile; fileRef = 9F9D52BE2186FA1200FBFE60 /* Main.storyboard */; };
		9F9D52C22186FA1600FBFE60 /* Assets.xcassets in Resources */ = {isa = PBXBuildFile; fileRef = 9F9D52C12186FA1600FBFE60 /* Assets.xcassets */; };
		9F9D52C52186FA1600FBFE60 /* LaunchScreen.storyboard in Resources */ = {isa = PBXBuildFile; fileRef = 9F9D52C32186FA1600FBFE60 /* LaunchScreen.storyboard */; };
		9FE65673219320DF00687039 /* Item.swift in Sources */ = {isa = PBXBuildFile; fileRef = 9FE65672219320DF00687039 /* Item.swift */; };
		9FE6567A2193257300687039 /* Default-568h@2x.png in Resources */ = {isa = PBXBuildFile; fileRef = 9FE656792193257300687039 /* Default-568h@2x.png */; };
/* End PBXBuildFile section */

/* Begin PBXFileReference section */
		9F9D52B72186FA1200FBFE60 /* ToDoLater.app */ = {isa = PBXFileReference; explicitFileType = wrapper.application; includeInIndex = 0; path = ToDoLater.app; sourceTree = BUILT_PRODUCTS_DIR; };
		9F9D52BA2186FA1200FBFE60 /* AppDelegate.swift */ = {isa = PBXFileReference; lastKnownFileType = sourcecode.swift; path = AppDelegate.swift; sourceTree = "<group>"; };
		9F9D52BC2186FA1200FBFE60 /* ToDoListVC.swift */ = {isa = PBXFileReference; lastKnownFileType = sourcecode.swift; path = ToDoListVC.swift; sourceTree = "<group>"; };
		9F9D52BF2186FA1200FBFE60 /* Base */ = {isa = PBXFileReference; lastKnownFileType = file.storyboard; name = Base; path = Base.lproj/Main.storyboard; sourceTree = "<group>"; };
		9F9D52C12186FA1600FBFE60 /* Assets.xcassets */ = {isa = PBXFileReference; lastKnownFileType = folder.assetcatalog; path = Assets.xcassets; sourceTree = "<group>"; };
		9F9D52C42186FA1600FBFE60 /* Base */ = {isa = PBXFileReference; lastKnownFileType = file.storyboard; name = Base; path = Base.lproj/LaunchScreen.storyboard; sourceTree = "<group>"; };
		9F9D52C62186FA1600FBFE60 /* Info.plist */ = {isa = PBXFileReference; lastKnownFileType = text.plist.xml; path = Info.plist; sourceTree = "<group>"; };
		9FE65672219320DF00687039 /* Item.swift */ = {isa = PBXFileReference; lastKnownFileType = sourcecode.swift; path = Item.swift; sourceTree = "<group>"; };
		9FE656792193257300687039 /* Default-568h@2x.png */ = {isa = PBXFileReference; lastKnownFileType = image.png; path = "Default-568h@2x.png"; sourceTree = "<group>"; };
/* End PBXFileReference section */

/* Begin PBXFrameworksBuildPhase section */
		9F9D52B42186FA1200FBFE60 /* Frameworks */ = {
			isa = PBXFrameworksBuildPhase;
			buildActionMask = 2147483647;
			files = (
			);
			runOnlyForDeploymentPostprocessing = 0;
		};
/* End PBXFrameworksBuildPhase section */

/* Begin PBXGroup section */
		9F9D52AE2186FA1200FBFE60 = {
			isa = PBXGroup;
			children = (
				9FE656792193257300687039 /* Default-568h@2x.png */,
				9F9D52B92186FA1200FBFE60 /* ToDoLater */,
				9F9D52B82186FA1200FBFE60 /* Products */,
			);
			sourceTree = "<group>";
		};
		9F9D52B82186FA1200FBFE60 /* Products */ = {
			isa = PBXGroup;
			children = (
				9F9D52B72186FA1200FBFE60 /* ToDoLater.app */,
			);
			name = Products;
			sourceTree = "<group>";
		};
		9F9D52B92186FA1200FBFE60 /* ToDoLater */ = {
			isa = PBXGroup;
			children = (
				9F9D52BA2186FA1200FBFE60 /* AppDelegate.swift */,
				9FE656762193211300687039 /* Controllers */,
				9FE656742193210000687039 /* Data Model */,
				9F9D52C62186FA1600FBFE60 /* Info.plist */,
				9FE656772193212B00687039 /* Views */,
				9FE656782193213600687039 /* Supporting files */,
			);
			path = ToDoLater;
			sourceTree = "<group>";
		};
		9FE656742193210000687039 /* Data Model */ = {
			isa = PBXGroup;
			children = (
				9FE65672219320DF00687039 /* Item.swift */,
			);
			path = "Data Model";
			sourceTree = "<group>";
		};
		9FE656762193211300687039 /* Controllers */ = {
			isa = PBXGroup;
			children = (
				9F9D52BC2186FA1200FBFE60 /* ToDoListVC.swift */,
			);
			path = Controllers;
			sourceTree = "<group>";
		};
		9FE656772193212B00687039 /* Views */ = {
			isa = PBXGroup;
			children = (
				9F9D52BE2186FA1200FBFE60 /* Main.storyboard */,
			);
			path = Views;
			sourceTree = "<group>";
		};
		9FE656782193213600687039 /* Supporting files */ = {
			isa = PBXGroup;
			children = (
				9F9D52C12186FA1600FBFE60 /* Assets.xcassets */,
				9F9D52C32186FA1600FBFE60 /* LaunchScreen.storyboard */,
			);
			path = "Supporting files";
			sourceTree = "<group>";
		};
/* End PBXGroup section */

/* Begin PBXNativeTarget section */
		9F9D52B62186FA1200FBFE60 /* ToDoLater */ = {
			isa = PBXNativeTarget;
			buildConfigurationList = 9F9D52C92186FA1600FBFE60 /* Build configuration list for PBXNativeTarget "ToDoLater" */;
			buildPhases = (
				9F9D52B32186FA1200FBFE60 /* Sources */,
				9F9D52B42186FA1200FBFE60 /* Frameworks */,
				9F9D52B52186FA1200FBFE60 /* Resources */,
			);
			buildRules = (
			);
			dependencies = (
			);
			name = ToDoLater;
			productName = ToDoLater;
			productReference = 9F9D52B72186FA1200FBFE60 /* ToDoLater.app */;
			productType = "com.apple.product-type.application";
		};
/* End PBXNativeTarget section */

/* Begin PBXProject section */
		9F9D52AF2186FA1200FBFE60 /* Project object */ = {
			isa = PBXProject;
			attributes = {
				LastSwiftUpdateCheck = 1000;
				LastUpgradeCheck = 1000;
				ORGANIZATIONNAME = "Aleksandrs Muravjovs";
				TargetAttributes = {
					9F9D52B62186FA1200FBFE60 = {
						CreatedOnToolsVersion = 10.0;
					};
				};
			};
			buildConfigurationList = 9F9D52B22186FA1200FBFE60 /* Build configuration list for PBXProject "ToDoLater" */;
			compatibilityVersion = "Xcode 9.3";
			developmentRegion = en;
			hasScannedForEncodings = 0;
			knownRegions = (
				en,
				Base,
			);
			mainGroup = 9F9D52AE2186FA1200FBFE60;
			productRefGroup = 9F9D52B82186FA1200FBFE60 /* Products */;
			projectDirPath = "";
			projectRoot = "";
			targets = (
				9F9D52B62186FA1200FBFE60 /* ToDoLater */,
			);
		};
/* End PBXProject section */

/* Begin PBXResourcesBuildPhase section */
		9F9D52B52186FA1200FBFE60 /* Resources */ = {
			isa = PBXResourcesBuildPhase;
			buildActionMask = 2147483647;
			files = (
				9F9D52C52186FA1600FBFE60 /* LaunchScreen.storyboard in Resources */,
				9FE6567A2193257300687039 /* Default-568h@2x.png in Resources */,
				9F9D52C22186FA1600FBFE60 /* Assets.xcassets in Resources */,
				9F9D52C02186FA1200FBFE60 /* Main.storyboard in Resources */,
			);
			runOnlyForDeploymentPostprocessing = 0;
		};
/* End PBXResourcesBuildPhase section */

/* Begin PBXSourcesBuildPhase section */
		9F9D52B32186FA1200FBFE60 /* Sources */ = {
			isa = PBXSourcesBuildPhase;
			buildActionMask = 2147483647;
			files = (
				9F9D52BD2186FA1200FBFE60 /* ToDoListVC.swift in Sources */,
				9FE65673219320DF00687039 /* Item.swift in Sources */,
				9F9D52BB2186FA1200FBFE60 /* AppDelegate.swift in Sources */,
			);
			runOnlyForDeploymentPostprocessing = 0;
		};
/* End PBXSourcesBuildPhase section */

/* Begin PBXVariantGroup section */
		9F9D52BE2186FA1200FBFE60 /* Main.storyboard */ = {
			isa = PBXVariantGroup;
			children = (
				9F9D52BF2186FA1200FBFE60 /* Base */,
			);
			name = Main.storyboard;
			sourceTree = "<group>";
		};
		9F9D52C32186FA1600FBFE60 /* LaunchScreen.storyboard */ = {
			isa = PBXVariantGroup;
			children = (
				9F9D52C42186FA1600FBFE60 /* Base */,
			);
			name = LaunchScreen.storyboard;
			sourceTree = "<group>";
		};
/* End PBXVariantGroup section */

/* Begin XCBuildConfiguration section */
		9F9D52C72186FA1600FBFE60 /* Debug */ = {
			isa = XCBuildConfiguration;
			buildSettings = {
				ALWAYS_SEARCH_USER_PATHS = NO;
				CLANG_ANALYZER_NONNULL = YES;
				CLANG_ANALYZER_NUMBER_OBJECT_CONVERSION = YES_AGGRESSIVE;
				CLANG_CXX_LANGUAGE_STANDARD = "gnu++14";
				CLANG_CXX_LIBRARY = "libc++";
				CLANG_ENABLE_MODULES = YES;
				CLANG_ENABLE_OBJC_ARC = YES;
				CLANG_ENABLE_OBJC_WEAK = YES;
				CLANG_WARN_BLOCK_CAPTURE_AUTORELEASING = YES;
				CLANG_WARN_BOOL_CONVERSION = YES;
				CLANG_WARN_COMMA = YES;
				CLANG_WARN_CONSTANT_CONVERSION = YES;
				CLANG_WARN_DEPRECATED_OBJC_IMPLEMENTATIONS = YES;
				CLANG_WARN_DIRECT_OBJC_ISA_USAGE = YES_ERROR;
				CLANG_WARN_DOCUMENTATION_COMMENTS = YES;
				CLANG_WARN_EMPTY_BODY = YES;
				CLANG_WARN_ENUM_CONVERSION = YES;
				CLANG_WARN_INFINITE_RECURSION = YES;
				CLANG_WARN_INT_CONVERSION = YES;
				CLANG_WARN_NON_LITERAL_NULL_CONVERSION = YES;
				CLANG_WARN_OBJC_IMPLICIT_RETAIN_SELF = YES;
				CLANG_WARN_OBJC_LITERAL_CONVERSION = YES;
				CLANG_WARN_OBJC_ROOT_CLASS = YES_ERROR;
				CLANG_WARN_RANGE_LOOP_ANALYSIS = YES;
				CLANG_WARN_STRICT_PROTOTYPES = YES;
				CLANG_WARN_SUSPICIOUS_MOVE = YES;
				CLANG_WARN_UNGUARDED_AVAILABILITY = YES_AGGRESSIVE;
				CLANG_WARN_UNREACHABLE_CODE = YES;
				CLANG_WARN__DUPLICATE_METHOD_MATCH = YES;
				CODE_SIGN_IDENTITY = "iPhone Developer";
				COPY_PHASE_STRIP = NO;
				DEBUG_INFORMATION_FORMAT = dwarf;
				ENABLE_STRICT_OBJC_MSGSEND = YES;
				ENABLE_TESTABILITY = YES;
				GCC_C_LANGUAGE_STANDARD = gnu11;
				GCC_DYNAMIC_NO_PIC = NO;
				GCC_NO_COMMON_BLOCKS = YES;
				GCC_OPTIMIZATION_LEVEL = 0;
				GCC_PREPROCESSOR_DEFINITIONS = (
					"DEBUG=1",
					"$(inherited)",
				);
				GCC_WARN_64_TO_32_BIT_CONVERSION = YES;
				GCC_WARN_ABOUT_RETURN_TYPE = YES_ERROR;
				GCC_WARN_UNDECLARED_SELECTOR = YES;
				GCC_WARN_UNINITIALIZED_AUTOS = YES_AGGRESSIVE;
				GCC_WARN_UNUSED_FUNCTION = YES;
				GCC_WARN_UNUSED_VARIABLE = YES;
				IPHONEOS_DEPLOYMENT_TARGET = 12.0;
				MTL_ENABLE_DEBUG_INFO = INCLUDE_SOURCE;
				MTL_FAST_MATH = YES;
				ONLY_ACTIVE_ARCH = YES;
				SDKROOT = iphoneos;
				SWIFT_ACTIVE_COMPILATION_CONDITIONS = DEBUG;
				SWIFT_OPTIMIZATION_LEVEL = "-Onone";
			};
			name = Debug;
		};
		9F9D52C82186FA1600FBFE60 /* Release */ = {
			isa = XCBuildConfiguration;
			buildSettings = {
				ALWAYS_SEARCH_USER_PATHS = NO;
				CLANG_ANALYZER_NONNULL = YES;
				CLANG_ANALYZER_NUMBER_OBJECT_CONVERSION = YES_AGGRESSIVE;
				CLANG_CXX_LANGUAGE_STANDARD = "gnu++14";
				CLANG_CXX_LIBRARY = "libc++";
				CLANG_ENABLE_MODULES = YES;
				CLANG_ENABLE_OBJC_ARC = YES;
				CLANG_ENABLE_OBJC_WEAK = YES;
				CLANG_WARN_BLOCK_CAPTURE_AUTORELEASING = YES;
				CLANG_WARN_BOOL_CONVERSION = YES;
				CLANG_WARN_COMMA = YES;
				CLANG_WARN_CONSTANT_CONVERSION = YES;
				CLANG_WARN_DEPRECATED_OBJC_IMPLEMENTATIONS = YES;
				CLANG_WARN_DIRECT_OBJC_ISA_USAGE = YES_ERROR;
				CLANG_WARN_DOCUMENTATION_COMMENTS = YES;
				CLANG_WARN_EMPTY_BODY = YES;
				CLANG_WARN_ENUM_CONVERSION = YES;
				CLANG_WARN_INFINITE_RECURSION = YES;
				CLANG_WARN_INT_CONVERSION = YES;
				CLANG_WARN_NON_LITERAL_NULL_CONVERSION = YES;
				CLANG_WARN_OBJC_IMPLICIT_RETAIN_SELF = YES;
				CLANG_WARN_OBJC_LITERAL_CONVERSION = YES;
				CLANG_WARN_OBJC_ROOT_CLASS = YES_ERROR;
				CLANG_WARN_RANGE_LOOP_ANALYSIS = YES;
				CLANG_WARN_STRICT_PROTOTYPES = YES;
				CLANG_WARN_SUSPICIOUS_MOVE = YES;
				CLANG_WARN_UNGUARDED_AVAILABILITY = YES_AGGRESSIVE;
				CLANG_WARN_UNREACHABLE_CODE = YES;
				CLANG_WARN__DUPLICATE_METHOD_MATCH = YES;
				CODE_SIGN_IDENTITY = "iPhone Developer";
				COPY_PHASE_STRIP = NO;
				DEBUG_INFORMATION_FORMAT = "dwarf-with-dsym";
				ENABLE_NS_ASSERTIONS = NO;
				ENABLE_STRICT_OBJC_MSGSEND = YES;
				GCC_C_LANGUAGE_STANDARD = gnu11;
				GCC_NO_COMMON_BLOCKS = YES;
				GCC_WARN_64_TO_32_BIT_CONVERSION = YES;
				GCC_WARN_ABOUT_RETURN_TYPE = YES_ERROR;
				GCC_WARN_UNDECLARED_SELECTOR = YES;
				GCC_WARN_UNINITIALIZED_AUTOS = YES_AGGRESSIVE;
				GCC_WARN_UNUSED_FUNCTION = YES;
				GCC_WARN_UNUSED_VARIABLE = YES;
				IPHONEOS_DEPLOYMENT_TARGET = 12.0;
				MTL_ENABLE_DEBUG_INFO = NO;
				MTL_FAST_MATH = YES;
				SDKROOT = iphoneos;
				SWIFT_COMPILATION_MODE = wholemodule;
				SWIFT_OPTIMIZATION_LEVEL = "-O";
				VALIDATE_PRODUCT = YES;
			};
			name = Release;
		};
		9F9D52CA2186FA1600FBFE60 /* Debug */ = {
			isa = XCBuildConfiguration;
			buildSettings = {
				ASSETCATALOG_COMPILER_APPICON_NAME = AppIcon;
				CODE_SIGN_STYLE = Automatic;
				DEVELOPMENT_TEAM = L76KH2KAZX;
				INFOPLIST_FILE = ToDoLater/Info.plist;
				LD_RUNPATH_SEARCH_PATHS = (
					"$(inherited)",
					"@executable_path/Frameworks",
				);
				PRODUCT_BUNDLE_IDENTIFIER = com.aleksandrsmuravjovs.ToDoLater;
				PRODUCT_NAME = "$(TARGET_NAME)";
				SWIFT_VERSION = 4.2;
				TARGETED_DEVICE_FAMILY = "1,2";
			};
			name = Debug;
		};
		9F9D52CB2186FA1600FBFE60 /* Release */ = {
			isa = XCBuildConfiguration;
			buildSettings = {
				ASSETCATALOG_COMPILER_APPICON_NAME = AppIcon;
				CODE_SIGN_STYLE = Automatic;
				DEVELOPMENT_TEAM = L76KH2KAZX;
				INFOPLIST_FILE = ToDoLater/Info.plist;
				LD_RUNPATH_SEARCH_PATHS = (
					"$(inherited)",
					"@executable_path/Frameworks",
				);
				PRODUCT_BUNDLE_IDENTIFIER = com.aleksandrsmuravjovs.ToDoLater;
				PRODUCT_NAME = "$(TARGET_NAME)";
				SWIFT_VERSION = 4.2;
				TARGETED_DEVICE_FAMILY = "1,2";
			};
			name = Release;
		};
/* End XCBuildConfiguration section */

/* Begin XCConfigurationList section */
		9F9D52B22186FA1200FBFE60 /* Build configuration list for PBXProject "ToDoLater" */ = {
			isa = XCConfigurationList;
			buildConfigurations = (
				9F9D52C72186FA1600FBFE60 /* Debug */,
				9F9D52C82186FA1600FBFE60 /* Release */,
			);
			defaultConfigurationIsVisible = 0;
			defaultConfigurationName = Release;
		};
		9F9D52C92186FA1600FBFE60 /* Build configuration list for PBXNativeTarget "ToDoLater" */ = {
			isa = XCConfigurationList;
			buildConfigurations = (
				9F9D52CA2186FA1600FBFE60 /* Debug */,
				9F9D52CB2186FA1600FBFE60 /* Release */,
			);
			defaultConfigurationIsVisible = 0;
			defaultConfigurationName = Release;
		};
/* End XCConfigurationList section */
	};
	rootObject = 9F9D52AF2186FA1200FBFE60 /* Project object */;
}
